
Microsoft Visual Studio Solution File, Format Version 12.00
# Visual Studio Version 16
VisualStudioVersion = 16.0.29306.81
MinimumVisualStudioVersion = 10.0.40219.1
Project("{FAE04EC0-301F-11D3-BF4B-00C04F79EFBC}") = "MegaDesk-Helsten", "MegaDesk-Helsten\MegaDesk-Helsten.csproj", "{42763DDC-66E4-4137-87BC-F58588D184EB}"
EndProject
Global
	GlobalSection(SolutionConfigurationPlatforms) = preSolution
		Debug|Any CPU = Debug|Any CPU
		Release|Any CPU = Release|Any CPU
	EndGlobalSection
	GlobalSection(ProjectConfigurationPlatforms) = postSolution
		{42763DDC-66E4-4137-87BC-F58588D184EB}.Debug|Any CPU.ActiveCfg = Debug|Any CPU
		{42763DDC-66E4-4137-87BC-F58588D184EB}.Debug|Any CPU.Build.0 = Debug|Any CPU
		{42763DDC-66E4-4137-87BC-F58588D184EB}.Release|Any CPU.ActiveCfg = Release|Any CPU
		{42763DDC-66E4-4137-87BC-F58588D184EB}.Release|Any CPU.Build.0 = Release|Any CPU
	EndGlobalSection
	GlobalSection(SolutionProperties) = preSolution
		HideSolutionNode = FALSE
	EndGlobalSection
	GlobalSection(ExtensibilityGlobals) = postSolution
		SolutionGuid = {065D8E79-1202-48D4-BA81-4A1930277C74}
	EndGlobalSection
EndGlobal
